// !$*UTF8*$!
{
	archiveVersion = 1;
	classes = {
	};
	objectVersion = 50;
	objects = {

/* Begin PBXBuildFile section */
		94F083E12604CE0100C70AEB /* AppDelegate.swift in Sources */ = {isa = PBXBuildFile; fileRef = 94F083E02604CE0100C70AEB /* AppDelegate.swift */; };
		94F083E32604CE0100C70AEB /* SceneDelegate.swift in Sources */ = {isa = PBXBuildFile; fileRef = 94F083E22604CE0100C70AEB /* SceneDelegate.swift */; };
		94F083E52604CE0100C70AEB /* ViewController.swift in Sources */ = {isa = PBXBuildFile; fileRef = 94F083E42604CE0100C70AEB /* ViewController.swift */; };
		94F083E82604CE0100C70AEB /* Main.storyboard in Resources */ = {isa = PBXBuildFile; fileRef = 94F083E62604CE0100C70AEB /* Main.storyboard */; };
		94F083EA2604CE0300C70AEB /* Assets.xcassets in Resources */ = {isa = PBXBuildFile; fileRef = 94F083E92604CE0300C70AEB /* Assets.xcassets */; };
		94F083ED2604CE0300C70AEB /* LaunchScreen.storyboard in Resources */ = {isa = PBXBuildFile; fileRef = 94F083EB2604CE0300C70AEB /* LaunchScreen.storyboard */; };
		94F083F82604CE0300C70AEB /* GitTestTests.swift in Sources */ = {isa = PBXBuildFile; fileRef = 94F083F72604CE0300C70AEB /* GitTestTests.swift */; };
		94F084032604CE0300C70AEB /* GitTestUITests.swift in Sources */ = {isa = PBXBuildFile; fileRef = 94F084022604CE0300C70AEB /* GitTestUITests.swift */; };
/* End PBXBuildFile section */

/* Begin PBXContainerItemProxy section */
		94F083F42604CE0300C70AEB /* PBXContainerItemProxy */ = {
			isa = PBXContainerItemProxy;
			containerPortal = 94F083D52604CE0100C70AEB /* Project object */;
			proxyType = 1;
			remoteGlobalIDString = 94F083DC2604CE0100C70AEB;
			remoteInfo = GitTest;
		};
		94F083FF2604CE0300C70AEB /* PBXContainerItemProxy */ = {
			isa = PBXContainerItemProxy;
			containerPortal = 94F083D52604CE0100C70AEB /* Project object */;
			proxyType = 1;
			remoteGlobalIDString = 94F083DC2604CE0100C70AEB;
			remoteInfo = GitTest;
		};
/* End PBXContainerItemProxy section */

/* Begin PBXFileReference section */
		94F083DD2604CE0100C70AEB /* GitTest.app */ = {isa = PBXFileReference; explicitFileType = wrapper.application; includeInIndex = 0; path = GitTest.app; sourceTree = BUILT_PRODUCTS_DIR; };
		94F083E02604CE0100C70AEB /* AppDelegate.swift */ = {isa = PBXFileReference; lastKnownFileType = sourcecode.swift; path = AppDelegate.swift; sourceTree = "<group>"; };
		94F083E22604CE0100C70AEB /* SceneDelegate.swift */ = {isa = PBXFileReference; lastKnownFileType = sourcecode.swift; path = SceneDelegate.swift; sourceTree = "<group>"; };
		94F083E42604CE0100C70AEB /* ViewController.swift */ = {isa = PBXFileReference; lastKnownFileType = sourcecode.swift; path = ViewController.swift; sourceTree = "<group>"; };
		94F083E72604CE0100C70AEB /* Base */ = {isa = PBXFileReference; lastKnownFileType = file.storyboard; name = Base; path = Base.lproj/Main.storyboard; sourceTree = "<group>"; };
		94F083E92604CE0300C70AEB /* Assets.xcassets */ = {isa = PBXFileReference; lastKnownFileType = folder.assetcatalog; path = Assets.xcassets; sourceTree = "<group>"; };
		94F083EC2604CE0300C70AEB /* Base */ = {isa = PBXFileReference; lastKnownFileType = file.storyboard; name = Base; path = Base.lproj/LaunchScreen.storyboard; sourceTree = "<group>"; };
		94F083EE2604CE0300C70AEB /* Info.plist */ = {isa = PBXFileReference; lastKnownFileType = text.plist.xml; path = Info.plist; sourceTree = "<group>"; };
		94F083F32604CE0300C70AEB /* GitTestTests.xctest */ = {isa = PBXFileReference; explicitFileType = wrapper.cfbundle; includeInIndex = 0; path = GitTestTests.xctest; sourceTree = BUILT_PRODUCTS_DIR; };
		94F083F72604CE0300C70AEB /* GitTestTests.swift */ = {isa = PBXFileReference; lastKnownFileType = sourcecode.swift; path = GitTestTests.swift; sourceTree = "<group>"; };
		94F083F92604CE0300C70AEB /* Info.plist */ = {isa = PBXFileReference; lastKnownFileType = text.plist.xml; path = Info.plist; sourceTree = "<group>"; };
		94F083FE2604CE0300C70AEB /* GitTestUITests.xctest */ = {isa = PBXFileReference; explicitFileType = wrapper.cfbundle; includeInIndex = 0; path = GitTestUITests.xctest; sourceTree = BUILT_PRODUCTS_DIR; };
		94F084022604CE0300C70AEB /* GitTestUITests.swift */ = {isa = PBXFileReference; lastKnownFileType = sourcecode.swift; path = GitTestUITests.swift; sourceTree = "<group>"; };
		94F084042604CE0300C70AEB /* Info.plist */ = {isa = PBXFileReference; lastKnownFileType = text.plist.xml; path = Info.plist; sourceTree = "<group>"; };
/* End PBXFileReference section */

/* Begin PBXFrameworksBuildPhase section */
		94F083DA2604CE0100C70AEB /* Frameworks */ = {
			isa = PBXFrameworksBuildPhase;
			buildActionMask = 2147483647;
			files = (
			);
			runOnlyForDeploymentPostprocessing = 0;
		};
		94F083F02604CE0300C70AEB /* Frameworks */ = {
			isa = PBXFrameworksBuildPhase;
			buildActionMask = 2147483647;
			files = (
			);
			runOnlyForDeploymentPostprocessing = 0;
		};
		94F083FB2604CE0300C70AEB /* Frameworks */ = {
			isa = PBXFrameworksBuildPhase;
			buildActionMask = 2147483647;
			files = (
			);
			runOnlyForDeploymentPostprocessing = 0;
		};
/* End PBXFrameworksBuildPhase section */

/* Begin PBXGroup section */
		94F083D42604CE0100C70AEB = {
			isa = PBXGroup;
			children = (
				94F083DF2604CE0100C70AEB /* GitTest */,
				94F083F62604CE0300C70AEB /* GitTestTests */,
				94F084012604CE0300C70AEB /* GitTestUITests */,
				94F083DE2604CE0100C70AEB /* Products */,
			);
			sourceTree = "<group>";
		};
		94F083DE2604CE0100C70AEB /* Products */ = {
			isa = PBXGroup;
			children = (
				94F083DD2604CE0100C70AEB /* GitTest.app */,
				94F083F32604CE0300C70AEB /* GitTestTests.xctest */,
				94F083FE2604CE0300C70AEB /* GitTestUITests.xctest */,
			);
			name = Products;
			sourceTree = "<group>";
		};
		94F083DF2604CE0100C70AEB /* GitTest */ = {
			isa = PBXGroup;
			children = (
				94F083E02604CE0100C70AEB /* AppDelegate.swift */,
				94F083E22604CE0100C70AEB /* SceneDelegate.swift */,
				94F083E42604CE0100C70AEB /* ViewController.swift */,
				94F083E62604CE0100C70AEB /* Main.storyboard */,
				94F083E92604CE0300C70AEB /* Assets.xcassets */,
				94F083EB2604CE0300C70AEB /* LaunchScreen.storyboard */,
				94F083EE2604CE0300C70AEB /* Info.plist */,
			);
			path = GitTest;
			sourceTree = "<group>";
		};
		94F083F62604CE0300C70AEB /* GitTestTests */ = {
			isa = PBXGroup;
			children = (
				94F083F72604CE0300C70AEB /* GitTestTests.swift */,
				94F083F92604CE0300C70AEB /* Info.plist */,
			);
			path = GitTestTests;
			sourceTree = "<group>";
		};
		94F084012604CE0300C70AEB /* GitTestUITests */ = {
			isa = PBXGroup;
			children = (
				94F084022604CE0300C70AEB /* GitTestUITests.swift */,
				94F084042604CE0300C70AEB /* Info.plist */,
			);
			path = GitTestUITests;
			sourceTree = "<group>";
		};
/* End PBXGroup section */

/* Begin PBXNativeTarget section */
		94F083DC2604CE0100C70AEB /* GitTest */ = {
			isa = PBXNativeTarget;
			buildConfigurationList = 94F084072604CE0300C70AEB /* Build configuration list for PBXNativeTarget "GitTest" */;
			buildPhases = (
				94F083D92604CE0100C70AEB /* Sources */,
				94F083DA2604CE0100C70AEB /* Frameworks */,
				94F083DB2604CE0100C70AEB /* Resources */,
			);
			buildRules = (
			);
			dependencies = (
			);
			name = GitTest;
			productName = GitTest;
			productReference = 94F083DD2604CE0100C70AEB /* GitTest.app */;
			productType = "com.apple.product-type.application";
		};
		94F083F22604CE0300C70AEB /* GitTestTests */ = {
			isa = PBXNativeTarget;
			buildConfigurationList = 94F0840A2604CE0300C70AEB /* Build configuration list for PBXNativeTarget "GitTestTests" */;
			buildPhases = (
				94F083EF2604CE0300C70AEB /* Sources */,
				94F083F02604CE0300C70AEB /* Frameworks */,
				94F083F12604CE0300C70AEB /* Resources */,
			);
			buildRules = (
			);
			dependencies = (
				94F083F52604CE0300C70AEB /* PBXTargetDependency */,
			);
			name = GitTestTests;
			productName = GitTestTests;
			productReference = 94F083F32604CE0300C70AEB /* GitTestTests.xctest */;
			productType = "com.apple.product-type.bundle.unit-test";
		};
		94F083FD2604CE0300C70AEB /* GitTestUITests */ = {
			isa = PBXNativeTarget;
			buildConfigurationList = 94F0840D2604CE0300C70AEB /* Build configuration list for PBXNativeTarget "GitTestUITests" */;
			buildPhases = (
				94F083FA2604CE0300C70AEB /* Sources */,
				94F083FB2604CE0300C70AEB /* Frameworks */,
				94F083FC2604CE0300C70AEB /* Resources */,
			);
			buildRules = (
			);
			dependencies = (
				94F084002604CE0300C70AEB /* PBXTargetDependency */,
			);
			name = GitTestUITests;
			productName = GitTestUITests;
			productReference = 94F083FE2604CE0300C70AEB /* GitTestUITests.xctest */;
			productType = "com.apple.product-type.bundle.ui-testing";
		};
/* End PBXNativeTarget section */

/* Begin PBXProject section */
		94F083D52604CE0100C70AEB /* Project object */ = {
			isa = PBXProject;
			attributes = {
				LastSwiftUpdateCheck = 1130;
				LastUpgradeCheck = 1130;
				ORGANIZATIONNAME = "Mitchell Mohler";
				TargetAttributes = {
					94F083DC2604CE0100C70AEB = {
						CreatedOnToolsVersion = 11.3.1;
					};
					94F083F22604CE0300C70AEB = {
						CreatedOnToolsVersion = 11.3.1;
						TestTargetID = 94F083DC2604CE0100C70AEB;
					};
					94F083FD2604CE0300C70AEB = {
						CreatedOnToolsVersion = 11.3.1;
						TestTargetID = 94F083DC2604CE0100C70AEB;
					};
				};
			};
			buildConfigurationList = 94F083D82604CE0100C70AEB /* Build configuration list for PBXProject "GitTest" */;
			compatibilityVersion = "Xcode 9.3";
			developmentRegion = en;
			hasScannedForEncodings = 0;
			knownRegions = (
				en,
				Base,
			);
			mainGroup = 94F083D42604CE0100C70AEB;
			productRefGroup = 94F083DE2604CE0100C70AEB /* Products */;
			projectDirPath = "";
			projectRoot = "";
			targets = (
				94F083DC2604CE0100C70AEB /* GitTest */,
				94F083F22604CE0300C70AEB /* GitTestTests */,
				94F083FD2604CE0300C70AEB /* GitTestUITests */,
			);
		};
/* End PBXProject section */

/* Begin PBXResourcesBuildPhase section */
		94F083DB2604CE0100C70AEB /* Resources */ = {
			isa = PBXResourcesBuildPhase;
			buildActionMask = 2147483647;
			files = (
				94F083ED2604CE0300C70AEB /* LaunchScreen.storyboard in Resources */,
				94F083EA2604CE0300C70AEB /* Assets.xcassets in Resources */,
				94F083E82604CE0100C70AEB /* Main.storyboard in Resources */,
			);
			runOnlyForDeploymentPostprocessing = 0;
		};
		94F083F12604CE0300C70AEB /* Resources */ = {
			isa = PBXResourcesBuildPhase;
			buildActionMask = 2147483647;
			files = (
			);
			runOnlyForDeploymentPostprocessing = 0;
		};
		94F083FC2604CE0300C70AEB /* Resources */ = {
			isa = PBXResourcesBuildPhase;
			buildActionMask = 2147483647;
			files = (
			);
			runOnlyForDeploymentPostprocessing = 0;
		};
/* End PBXResourcesBuildPhase section */

/* Begin PBXSourcesBuildPhase section */
		94F083D92604CE0100C70AEB /* Sources */ = {
			isa = PBXSourcesBuildPhase;
			buildActionMask = 2147483647;
			files = (
				94F083E52604CE0100C70AEB /* ViewController.swift in Sources */,
				94F083E12604CE0100C70AEB /* AppDelegate.swift in Sources */,
				94F083E32604CE0100C70AEB /* SceneDelegate.swift in Sources */,
			);
			runOnlyForDeploymentPostprocessing = 0;
		};
		94F083EF2604CE0300C70AEB /* Sources */ = {
			isa = PBXSourcesBuildPhase;
			buildActionMask = 2147483647;
			files = (
				94F083F82604CE0300C70AEB /* GitTestTests.swift in Sources */,
			);
			runOnlyForDeploymentPostprocessing = 0;
		};
		94F083FA2604CE0300C70AEB /* Sources */ = {
			isa = PBXSourcesBuildPhase;
			buildActionMask = 2147483647;
			files = (
				94F084032604CE0300C70AEB /* GitTestUITests.swift in Sources */,
			);
			runOnlyForDeploymentPostprocessing = 0;
		};
/* End PBXSourcesBuildPhase section */

/* Begin PBXTargetDependency section */
		94F083F52604CE0300C70AEB /* PBXTargetDependency */ = {
			isa = PBXTargetDependency;
			target = 94F083DC2604CE0100C70AEB /* GitTest */;
			targetProxy = 94F083F42604CE0300C70AEB /* PBXContainerItemProxy */;
		};
		94F084002604CE0300C70AEB /* PBXTargetDependency */ = {
			isa = PBXTargetDependency;
			target = 94F083DC2604CE0100C70AEB /* GitTest */;
			targetProxy = 94F083FF2604CE0300C70AEB /* PBXContainerItemProxy */;
		};
/* End PBXTargetDependency section */

/* Begin PBXVariantGroup section */
		94F083E62604CE0100C70AEB /* Main.storyboard */ = {
			isa = PBXVariantGroup;
			children = (
				94F083E72604CE0100C70AEB /* Base */,
			);
			name = Main.storyboard;
			sourceTree = "<group>";
		};
		94F083EB2604CE0300C70AEB /* LaunchScreen.storyboard */ = {
			isa = PBXVariantGroup;
			children = (
				94F083EC2604CE0300C70AEB /* Base */,
			);
			name = LaunchScreen.storyboard;
			sourceTree = "<group>";
		};
/* End PBXVariantGroup section */

/* Begin XCBuildConfiguration section */
		94F084052604CE0300C70AEB /* Debug */ = {
			isa = XCBuildConfiguration;
			buildSettings = {
				ALWAYS_SEARCH_USER_PATHS = NO;
				CLANG_ANALYZER_NONNULL = YES;
				CLANG_ANALYZER_NUMBER_OBJECT_CONVERSION = YES_AGGRESSIVE;
				CLANG_CXX_LANGUAGE_STANDARD = "gnu++14";
				CLANG_CXX_LIBRARY = "libc++";
				CLANG_ENABLE_MODULES = YES;
				CLANG_ENABLE_OBJC_ARC = YES;
				CLANG_ENABLE_OBJC_WEAK = YES;
				CLANG_WARN_BLOCK_CAPTURE_AUTORELEASING = YES;
				CLANG_WARN_BOOL_CONVERSION = YES;
				CLANG_WARN_COMMA = YES;
				CLANG_WARN_CONSTANT_CONVERSION = YES;
				CLANG_WARN_DEPRECATED_OBJC_IMPLEMENTATIONS = YES;
				CLANG_WARN_DIRECT_OBJC_ISA_USAGE = YES_ERROR;
				CLANG_WARN_DOCUMENTATION_COMMENTS = YES;
				CLANG_WARN_EMPTY_BODY = YES;
				CLANG_WARN_ENUM_CONVERSION = YES;
				CLANG_WARN_INFINITE_RECURSION = YES;
				CLANG_WARN_INT_CONVERSION = YES;
				CLANG_WARN_NON_LITERAL_NULL_CONVERSION = YES;
				CLANG_WARN_OBJC_IMPLICIT_RETAIN_SELF = YES;
				CLANG_WARN_OBJC_LITERAL_CONVERSION = YES;
				CLANG_WARN_OBJC_ROOT_CLASS = YES_ERROR;
				CLANG_WARN_RANGE_LOOP_ANALYSIS = YES;
				CLANG_WARN_STRICT_PROTOTYPES = YES;
				CLANG_WARN_SUSPICIOUS_MOVE = YES;
				CLANG_WARN_UNGUARDED_AVAILABILITY = YES_AGGRESSIVE;
				CLANG_WARN_UNREACHABLE_CODE = YES;
				CLANG_WARN__DUPLICATE_METHOD_MATCH = YES;
				COPY_PHASE_STRIP = NO;
				DEBUG_INFORMATION_FORMAT = dwarf;
				ENABLE_STRICT_OBJC_MSGSEND = YES;
				ENABLE_TESTABILITY = YES;
				GCC_C_LANGUAGE_STANDARD = gnu11;
				GCC_DYNAMIC_NO_PIC = NO;
				GCC_NO_COMMON_BLOCKS = YES;
				GCC_OPTIMIZATION_LEVEL = 0;
				GCC_PREPROCESSOR_DEFINITIONS = (
					"DEBUG=1",
					"$(inherited)",
				);
				GCC_WARN_64_TO_32_BIT_CONVERSION = YES;
				GCC_WARN_ABOUT_RETURN_TYPE = YES_ERROR;
				GCC_WARN_UNDECLARED_SELECTOR = YES;
				GCC_WARN_UNINITIALIZED_AUTOS = YES_AGGRESSIVE;
				GCC_WARN_UNUSED_FUNCTION = YES;
				GCC_WARN_UNUSED_VARIABLE = YES;
				IPHONEOS_DEPLOYMENT_TARGET = 13.2;
				MTL_ENABLE_DEBUG_INFO = INCLUDE_SOURCE;
				MTL_FAST_MATH = YES;
				ONLY_ACTIVE_ARCH = YES;
				SDKROOT = iphoneos;
				SWIFT_ACTIVE_COMPILATION_CONDITIONS = DEBUG;
				SWIFT_OPTIMIZATION_LEVEL = "-Onone";
			};
			name = Debug;
		};
		94F084062604CE0300C70AEB /* Release */ = {
			isa = XCBuildConfiguration;
			buildSettings = {
				ALWAYS_SEARCH_USER_PATHS = NO;
				CLANG_ANALYZER_NONNULL = YES;
				CLANG_ANALYZER_NUMBER_OBJECT_CONVERSION = YES_AGGRESSIVE;
				CLANG_CXX_LANGUAGE_STANDARD = "gnu++14";
				CLANG_CXX_LIBRARY = "libc++";
				CLANG_ENABLE_MODULES = YES;
				CLANG_ENABLE_OBJC_ARC = YES;
				CLANG_ENABLE_OBJC_WEAK = YES;
				CLANG_WARN_BLOCK_CAPTURE_AUTORELEASING = YES;
				CLANG_WARN_BOOL_CONVERSION = YES;
				CLANG_WARN_COMMA = YES;
				CLANG_WARN_CONSTANT_CONVERSION = YES;
				CLANG_WARN_DEPRECATED_OBJC_IMPLEMENTATIONS = YES;
				CLANG_WARN_DIRECT_OBJC_ISA_USAGE = YES_ERROR;
				CLANG_WARN_DOCUMENTATION_COMMENTS = YES;
				CLANG_WARN_EMPTY_BODY = YES;
				CLANG_WARN_ENUM_CONVERSION = YES;
				CLANG_WARN_INFINITE_RECURSION = YES;
				CLANG_WARN_INT_CONVERSION = YES;
				CLANG_WARN_NON_LITERAL_NULL_CONVERSION = YES;
				CLANG_WARN_OBJC_IMPLICIT_RETAIN_SELF = YES;
				CLANG_WARN_OBJC_LITERAL_CONVERSION = YES;
				CLANG_WARN_OBJC_ROOT_CLASS = YES_ERROR;
				CLANG_WARN_RANGE_LOOP_ANALYSIS = YES;
				CLANG_WARN_STRICT_PROTOTYPES = YES;
				CLANG_WARN_SUSPICIOUS_MOVE = YES;
				CLANG_WARN_UNGUARDED_AVAILABILITY = YES_AGGRESSIVE;
				CLANG_WARN_UNREACHABLE_CODE = YES;
				CLANG_WARN__DUPLICATE_METHOD_MATCH = YES;
				COPY_PHASE_STRIP = NO;
				DEBUG_INFORMATION_FORMAT = "dwarf-with-dsym";
				ENABLE_NS_ASSERTIONS = NO;
				ENABLE_STRICT_OBJC_MSGSEND = YES;
				GCC_C_LANGUAGE_STANDARD = gnu11;
				GCC_NO_COMMON_BLOCKS = YES;
				GCC_WARN_64_TO_32_BIT_CONVERSION = YES;
				GCC_WARN_ABOUT_RETURN_TYPE = YES_ERROR;
				GCC_WARN_UNDECLARED_SELECTOR = YES;
				GCC_WARN_UNINITIALIZED_AUTOS = YES_AGGRESSIVE;
				GCC_WARN_UNUSED_FUNCTION = YES;
				GCC_WARN_UNUSED_VARIABLE = YES;
				IPHONEOS_DEPLOYMENT_TARGET = 13.2;
				MTL_ENABLE_DEBUG_INFO = NO;
				MTL_FAST_MATH = YES;
				SDKROOT = iphoneos;
				SWIFT_COMPILATION_MODE = wholemodule;
				SWIFT_OPTIMIZATION_LEVEL = "-O";
				VALIDATE_PRODUCT = YES;
			};
			name = Release;
		};
		94F084082604CE0300C70AEB /* Debug */ = {
			isa = XCBuildConfiguration;
			buildSettings = {
				ASSETCATALOG_COMPILER_APPICON_NAME = AppIcon;
				CODE_SIGN_STYLE = Automatic;
				INFOPLIST_FILE = GitTest/Info.plist;
				LD_RUNPATH_SEARCH_PATHS = (
					"$(inherited)",
					"@executable_path/Frameworks",
				);
				PRODUCT_BUNDLE_IDENTIFIER = com.fitzer.GitTest;
				PRODUCT_NAME = "$(TARGET_NAME)";
				SWIFT_VERSION = 5.0;
				TARGETED_DEVICE_FAMILY = "1,2";
			};
			name = Debug;
		};
		94F084092604CE0300C70AEB /* Release */ = {
			isa = XCBuildConfiguration;
			buildSettings = {
				ASSETCATALOG_COMPILER_APPICON_NAME = AppIcon;
				CODE_SIGN_STYLE = Automatic;
				INFOPLIST_FILE = GitTest/Info.plist;
				LD_RUNPATH_SEARCH_PATHS = (
					"$(inherited)",
					"@executable_path/Frameworks",
				);
				PRODUCT_BUNDLE_IDENTIFIER = com.fitzer.GitTest;
				PRODUCT_NAME = "$(TARGET_NAME)";
				SWIFT_VERSION = 5.0;
				TARGETED_DEVICE_FAMILY = "1,2";
			};
			name = Release;
		};
		94F0840B2604CE0300C70AEB /* Debug */ = {
			isa = XCBuildConfiguration;
			buildSettings = {
				ALWAYS_EMBED_SWIFT_STANDARD_LIBRARIES = YES;
				BUNDLE_LOADER = "$(TEST_HOST)";
				CODE_SIGN_STYLE = Automatic;
				INFOPLIST_FILE = GitTestTests/Info.plist;
				IPHONEOS_DEPLOYMENT_TARGET = 13.2;
				LD_RUNPATH_SEARCH_PATHS = (
					"$(inherited)",
					"@executable_path/Frameworks",
					"@loader_path/Frameworks",
				);
				PRODUCT_BUNDLE_IDENTIFIER = com.fitzer.GitTestTests;
				PRODUCT_NAME = "$(TARGET_NAME)";
				SWIFT_VERSION = 5.0;
				TARGETED_DEVICE_FAMILY = "1,2";
				TEST_HOST = "$(BUILT_PRODUCTS_DIR)/GitTest.app/GitTest";
			};
			name = Debug;
		};
		94F0840C2604CE0300C70AEB /* Release */ = {
			isa = XCBuildConfiguration;
			buildSettings = {
				ALWAYS_EMBED_SWIFT_STANDARD_LIBRARIES = YES;
				BUNDLE_LOADER = "$(TEST_HOST)";
				CODE_SIGN_STYLE = Automatic;
				INFOPLIST_FILE = GitTestTests/Info.plist;
				IPHONEOS_DEPLOYMENT_TARGET = 13.2;
				LD_RUNPATH_SEARCH_PATHS = (
					"$(inherited)",
					"@executable_path/Frameworks",
					"@loader_path/Frameworks",
				);
				PRODUCT_BUNDLE_IDENTIFIER = com.fitzer.GitTestTests;
				PRODUCT_NAME = "$(TARGET_NAME)";
				SWIFT_VERSION = 5.0;
				TARGETED_DEVICE_FAMILY = "1,2";
				TEST_HOST = "$(BUILT_PRODUCTS_DIR)/GitTest.app/GitTest";
			};
			name = Release;
		};
		94F0840E2604CE0300C70AEB /* Debug */ = {
			isa = XCBuildConfiguration;
			buildSettings = {
				ALWAYS_EMBED_SWIFT_STANDARD_LIBRARIES = YES;
				CODE_SIGN_STYLE = Automatic;
				INFOPLIST_FILE = GitTestUITests/Info.plist;
				LD_RUNPATH_SEARCH_PATHS = (
					"$(inherited)",
					"@executable_path/Frameworks",
					"@loader_path/Frameworks",
				);
				PRODUCT_BUNDLE_IDENTIFIER = com.fitzer.GitTestUITests;
				PRODUCT_NAME = "$(TARGET_NAME)";
				SWIFT_VERSION = 5.0;
				TARGETED_DEVICE_FAMILY = "1,2";
				TEST_TARGET_NAME = GitTest;
			};
			name = Debug;
		};
		94F0840F2604CE0300C70AEB /* Release */ = {
			isa = XCBuildConfiguration;
			buildSettings = {
				ALWAYS_EMBED_SWIFT_STANDARD_LIBRARIES = YES;
				CODE_SIGN_STYLE = Automatic;
				INFOPLIST_FILE = GitTestUITests/Info.plist;
				LD_RUNPATH_SEARCH_PATHS = (
					"$(inherited)",
					"@executable_path/Frameworks",
					"@loader_path/Frameworks",
				);
				PRODUCT_BUNDLE_IDENTIFIER = com.fitzer.GitTestUITests;
				PRODUCT_NAME = "$(TARGET_NAME)";
				SWIFT_VERSION = 5.0;
				TARGETED_DEVICE_FAMILY = "1,2";
				TEST_TARGET_NAME = GitTest;
			};
			name = Release;
		};
/* End XCBuildConfiguration section */

/* Begin XCConfigurationList section */
		94F083D82604CE0100C70AEB /* Build configuration list for PBXProject "GitTest" */ = {
			isa = XCConfigurationList;
			buildConfigurations = (
				94F084052604CE0300C70AEB /* Debug */,
				94F084062604CE0300C70AEB /* Release */,
			);
			defaultConfigurationIsVisible = 0;
			defaultConfigurationName = Release;
		};
		94F084072604CE0300C70AEB /* Build configuration list for PBXNativeTarget "GitTest" */ = {
			isa = XCConfigurationList;
			buildConfigurations = (
				94F084082604CE0300C70AEB /* Debug */,
				94F084092604CE0300C70AEB /* Release */,
			);
			defaultConfigurationIsVisible = 0;
			defaultConfigurationName = Release;
		};
		94F0840A2604CE0300C70AEB /* Build configuration list for PBXNativeTarget "GitTestTests" */ = {
			isa = XCConfigurationList;
			buildConfigurations = (
				94F0840B2604CE0300C70AEB /* Debug */,
				94F0840C2604CE0300C70AEB /* Release */,
			);
			defaultConfigurationIsVisible = 0;
			defaultConfigurationName = Release;
		};
		94F0840D2604CE0300C70AEB /* Build configuration list for PBXNativeTarget "GitTestUITests" */ = {
			isa = XCConfigurationList;
			buildConfigurations = (
				94F0840E2604CE0300C70AEB /* Debug */,
				94F0840F2604CE0300C70AEB /* Release */,
			);
			defaultConfigurationIsVisible = 0;
			defaultConfigurationName = Release;
		};
/* End XCConfigurationList section */
	};
	rootObject = 94F083D52604CE0100C70AEB /* Project object */;
}
